{
  "name": "Email-worker",
  "lockfileVersion": 3,
  "requires": true,
  "packages": {
    "": {
      "devDependencies": {
        "@cloudflare/workers-types": "^4.20260310.1"
      }
    },
    "node_modules/@cloudflare/workers-types": {
      "version": "4.20260310.1",
      "resolved": "https://registry.npmjs.org/@cloudflare/workers-types/-/workers-types-4.20260310.1.tgz",
      "integrity": "sha512-Cg4gyGDtfimNMgBr2h06aGR5Bt8puUbblyzPNZN55mBfVYCTWwQiUd9PrbkcoddKrWHlsy0ACH/16dAeGf5BQg==",
      "dev": true,
      "license": "MIT OR Apache-2.0"
    }
  }
}
